
Microsoft Visual Studio Solution File, Format Version 12.00
# Visual Studio Version 17
VisualStudioVersion = 17.14.36518.9 d17.14
MinimumVisualStudioVersion = 10.0.40219.1
Project("{FAE04EC0-301F-11D3-BF4B-00C04F79EFBC}") = "GrawiaaApp.API", "GrawiaaApp.API.csproj", "{FAF4FC18-1312-F400-DAB8-CEC5F84C01F8}"
EndProject
Global
	GlobalSection(SolutionConfigurationPlatforms) = preSolution
		Debug|Any CPU = Debug|Any CPU
		Release|Any CPU = Release|Any CPU
	EndGlobalSection
	GlobalSection(ProjectConfigurationPlatforms) = postSolution
		{FAF4FC18-1312-F400-DAB8-CEC5F84C01F8}.Debug|Any CPU.ActiveCfg = Debug|Any CPU
		{FAF4FC18-1312-F400-DAB8-CEC5F84C01F8}.Debug|Any CPU.Build.0 = Debug|Any CPU
		{FAF4FC18-1312-F400-DAB8-CEC5F84C01F8}.Release|Any CPU.ActiveCfg = Release|Any CPU
		{FAF4FC18-1312-F400-DAB8-CEC5F84C01F8}.Release|Any CPU.Build.0 = Release|Any CPU
	EndGlobalSection
	GlobalSection(SolutionProperties) = preSolution
		HideSolutionNode = FALSE
	EndGlobalSection
	GlobalSection(ExtensibilityGlobals) = postSolution
		SolutionGuid = {39ADBFAD-1B8C-4F45-9B53-C53F6E6A1EDF}
	EndGlobalSection
EndGlobal
